// !$*UTF8*$!
{
	archiveVersion = 1;
	classes = {
	};
	objectVersion = 56;
	objects = {

/* Begin PBXBuildFile section */
		D07C9F862B7A41FE001E975E /* ArrayApp.swift in Sources */ = {isa = PBXBuildFile; fileRef = D07C9F852B7A41FE001E975E /* ArrayApp.swift */; };
		D07C9F882B7A41FE001E975E /* ContentView.swift in Sources */ = {isa = PBXBuildFile; fileRef = D07C9F872B7A41FE001E975E /* ContentView.swift */; };
		D07C9F8A2B7A4201001E975E /* Assets.xcassets in Resources */ = {isa = PBXBuildFile; fileRef = D07C9F892B7A4201001E975E /* Assets.xcassets */; };
		D07C9F8D2B7A4201001E975E /* Preview Assets.xcassets in Resources */ = {isa = PBXBuildFile; fileRef = D07C9F8C2B7A4201001E975E /* Preview Assets.xcassets */; };
		D07C9F972B7A4201001E975E /* ArrayTests.swift in Sources */ = {isa = PBXBuildFile; fileRef = D07C9F962B7A4201001E975E /* ArrayTests.swift */; };
		D07C9FA12B7A4201001E975E /* ArrayUITests.swift in Sources */ = {isa = PBXBuildFile; fileRef = D07C9FA02B7A4201001E975E /* ArrayUITests.swift */; };
		D07C9FA32B7A4201001E975E /* ArrayUITestsLaunchTests.swift in Sources */ = {isa = PBXBuildFile; fileRef = D07C9FA22B7A4201001E975E /* ArrayUITestsLaunchTests.swift */; };
/* End PBXBuildFile section */

/* Begin PBXContainerItemProxy section */
		D07C9F932B7A4201001E975E /* PBXContainerItemProxy */ = {
			isa = PBXContainerItemProxy;
			containerPortal = D07C9F7A2B7A41FE001E975E /* Project object */;
			proxyType = 1;
			remoteGlobalIDString = D07C9F812B7A41FE001E975E;
			remoteInfo = Array;
		};
		D07C9F9D2B7A4201001E975E /* PBXContainerItemProxy */ = {
			isa = PBXContainerItemProxy;
			containerPortal = D07C9F7A2B7A41FE001E975E /* Project object */;
			proxyType = 1;
			remoteGlobalIDString = D07C9F812B7A41FE001E975E;
			remoteInfo = Array;
		};
/* End PBXContainerItemProxy section */

/* Begin PBXFileReference section */
		D07C9F822B7A41FE001E975E /* Array.app */ = {isa = PBXFileReference; explicitFileType = wrapper.application; includeInIndex = 0; path = Array.app; sourceTree = BUILT_PRODUCTS_DIR; };
		D07C9F852B7A41FE001E975E /* ArrayApp.swift */ = {isa = PBXFileReference; lastKnownFileType = sourcecode.swift; path = ArrayApp.swift; sourceTree = "<group>"; };
		D07C9F872B7A41FE001E975E /* ContentView.swift */ = {isa = PBXFileReference; lastKnownFileType = sourcecode.swift; path = ContentView.swift; sourceTree = "<group>"; };
		D07C9F892B7A4201001E975E /* Assets.xcassets */ = {isa = PBXFileReference; lastKnownFileType = folder.assetcatalog; path = Assets.xcassets; sourceTree = "<group>"; };
		D07C9F8C2B7A4201001E975E /* Preview Assets.xcassets */ = {isa = PBXFileReference; lastKnownFileType = folder.assetcatalog; path = "Preview Assets.xcassets"; sourceTree = "<group>"; };
		D07C9F922B7A4201001E975E /* ArrayTests.xctest */ = {isa = PBXFileReference; explicitFileType = wrapper.cfbundle; includeInIndex = 0; path = ArrayTests.xctest; sourceTree = BUILT_PRODUCTS_DIR; };
		D07C9F962B7A4201001E975E /* ArrayTests.swift */ = {isa = PBXFileReference; lastKnownFileType = sourcecode.swift; path = ArrayTests.swift; sourceTree = "<group>"; };
		D07C9F9C2B7A4201001E975E /* ArrayUITests.xctest */ = {isa = PBXFileReference; explicitFileType = wrapper.cfbundle; includeInIndex = 0; path = ArrayUITests.xctest; sourceTree = BUILT_PRODUCTS_DIR; };
		D07C9FA02B7A4201001E975E /* ArrayUITests.swift */ = {isa = PBXFileReference; lastKnownFileType = sourcecode.swift; path = ArrayUITests.swift; sourceTree = "<group>"; };
		D07C9FA22B7A4201001E975E /* ArrayUITestsLaunchTests.swift */ = {isa = PBXFileReference; lastKnownFileType = sourcecode.swift; path = ArrayUITestsLaunchTests.swift; sourceTree = "<group>"; };
/* End PBXFileReference section */

/* Begin PBXFrameworksBuildPhase section */
		D07C9F7F2B7A41FE001E975E /* Frameworks */ = {
			isa = PBXFrameworksBuildPhase;
			buildActionMask = 2147483647;
			files = (
			);
			runOnlyForDeploymentPostprocessing = 0;
		};
		D07C9F8F2B7A4201001E975E /* Frameworks */ = {
			isa = PBXFrameworksBuildPhase;
			buildActionMask = 2147483647;
			files = (
			);
			runOnlyForDeploymentPostprocessing = 0;
		};
		D07C9F992B7A4201001E975E /* Frameworks */ = {
			isa = PBXFrameworksBuildPhase;
			buildActionMask = 2147483647;
			files = (
			);
			runOnlyForDeploymentPostprocessing = 0;
		};
/* End PBXFrameworksBuildPhase section */

/* Begin PBXGroup section */
		D07C9F792B7A41FE001E975E = {
			isa = PBXGroup;
			children = (
				D07C9F842B7A41FE001E975E /* Array */,
				D07C9F952B7A4201001E975E /* ArrayTests */,
				D07C9F9F2B7A4201001E975E /* ArrayUITests */,
				D07C9F832B7A41FE001E975E /* Products */,
			);
			sourceTree = "<group>";
		};
		D07C9F832B7A41FE001E975E /* Products */ = {
			isa = PBXGroup;
			children = (
				D07C9F822B7A41FE001E975E /* Array.app */,
				D07C9F922B7A4201001E975E /* ArrayTests.xctest */,
				D07C9F9C2B7A4201001E975E /* ArrayUITests.xctest */,
			);
			name = Products;
			sourceTree = "<group>";
		};
		D07C9F842B7A41FE001E975E /* Array */ = {
			isa = PBXGroup;
			children = (
				D07C9F852B7A41FE001E975E /* ArrayApp.swift */,
				D07C9F872B7A41FE001E975E /* ContentView.swift */,
				D07C9F892B7A4201001E975E /* Assets.xcassets */,
				D07C9F8B2B7A4201001E975E /* Preview Content */,
			);
			path = Array;
			sourceTree = "<group>";
		};
		D07C9F8B2B7A4201001E975E /* Preview Content */ = {
			isa = PBXGroup;
			children = (
				D07C9F8C2B7A4201001E975E /* Preview Assets.xcassets */,
			);
			path = "Preview Content";
			sourceTree = "<group>";
		};
		D07C9F952B7A4201001E975E /* ArrayTests */ = {
			isa = PBXGroup;
			children = (
				D07C9F962B7A4201001E975E /* ArrayTests.swift */,
			);
			path = ArrayTests;
			sourceTree = "<group>";
		};
		D07C9F9F2B7A4201001E975E /* ArrayUITests */ = {
			isa = PBXGroup;
			children = (
				D07C9FA02B7A4201001E975E /* ArrayUITests.swift */,
				D07C9FA22B7A4201001E975E /* ArrayUITestsLaunchTests.swift */,
			);
			path = ArrayUITests;
			sourceTree = "<group>";
		};
/* End PBXGroup section */

/* Begin PBXNativeTarget section */
		D07C9F812B7A41FE001E975E /* Array */ = {
			isa = PBXNativeTarget;
			buildConfigurationList = D07C9FA62B7A4201001E975E /* Build configuration list for PBXNativeTarget "Array" */;
			buildPhases = (
				D07C9F7E2B7A41FE001E975E /* Sources */,
				D07C9F7F2B7A41FE001E975E /* Frameworks */,
				D07C9F802B7A41FE001E975E /* Resources */,
			);
			buildRules = (
			);
			dependencies = (
			);
			name = Array;
			productName = Array;
			productReference = D07C9F822B7A41FE001E975E /* Array.app */;
			productType = "com.apple.product-type.application";
		};
		D07C9F912B7A4201001E975E /* ArrayTests */ = {
			isa = PBXNativeTarget;
			buildConfigurationList = D07C9FA92B7A4201001E975E /* Build configuration list for PBXNativeTarget "ArrayTests" */;
			buildPhases = (
				D07C9F8E2B7A4201001E975E /* Sources */,
				D07C9F8F2B7A4201001E975E /* Frameworks */,
				D07C9F902B7A4201001E975E /* Resources */,
			);
			buildRules = (
			);
			dependencies = (
				D07C9F942B7A4201001E975E /* PBXTargetDependency */,
			);
			name = ArrayTests;
			productName = ArrayTests;
			productReference = D07C9F922B7A4201001E975E /* ArrayTests.xctest */;
			productType = "com.apple.product-type.bundle.unit-test";
		};
		D07C9F9B2B7A4201001E975E /* ArrayUITests */ = {
			isa = PBXNativeTarget;
			buildConfigurationList = D07C9FAC2B7A4201001E975E /* Build configuration list for PBXNativeTarget "ArrayUITests" */;
			buildPhases = (
				D07C9F982B7A4201001E975E /* Sources */,
				D07C9F992B7A4201001E975E /* Frameworks */,
				D07C9F9A2B7A4201001E975E /* Resources */,
			);
			buildRules = (
			);
			dependencies = (
				D07C9F9E2B7A4201001E975E /* PBXTargetDependency */,
			);
			name = ArrayUITests;
			productName = ArrayUITests;
			productReference = D07C9F9C2B7A4201001E975E /* ArrayUITests.xctest */;
			productType = "com.apple.product-type.bundle.ui-testing";
		};
/* End PBXNativeTarget section */

/* Begin PBXProject section */
		D07C9F7A2B7A41FE001E975E /* Project object */ = {
			isa = PBXProject;
			attributes = {
				BuildIndependentTargetsInParallel = 1;
				LastSwiftUpdateCheck = 1520;
				LastUpgradeCheck = 1520;
				TargetAttributes = {
					D07C9F812B7A41FE001E975E = {
						CreatedOnToolsVersion = 15.2;
					};
					D07C9F912B7A4201001E975E = {
						CreatedOnToolsVersion = 15.2;
						TestTargetID = D07C9F812B7A41FE001E975E;
					};
					D07C9F9B2B7A4201001E975E = {
						CreatedOnToolsVersion = 15.2;
						TestTargetID = D07C9F812B7A41FE001E975E;
					};
				};
			};
			buildConfigurationList = D07C9F7D2B7A41FE001E975E /* Build configuration list for PBXProject "Array" */;
			compatibilityVersion = "Xcode 14.0";
			developmentRegion = en;
			hasScannedForEncodings = 0;
			knownRegions = (
				en,
				Base,
			);
			mainGroup = D07C9F792B7A41FE001E975E;
			productRefGroup = D07C9F832B7A41FE001E975E /* Products */;
			projectDirPath = "";
			projectRoot = "";
			targets = (
				D07C9F812B7A41FE001E975E /* Array */,
				D07C9F912B7A4201001E975E /* ArrayTests */,
				D07C9F9B2B7A4201001E975E /* ArrayUITests */,
			);
		};
/* End PBXProject section */

/* Begin PBXResourcesBuildPhase section */
		D07C9F802B7A41FE001E975E /* Resources */ = {
			isa = PBXResourcesBuildPhase;
			buildActionMask = 2147483647;
			files = (
				D07C9F8D2B7A4201001E975E /* Preview Assets.xcassets in Resources */,
				D07C9F8A2B7A4201001E975E /* Assets.xcassets in Resources */,
			);
			runOnlyForDeploymentPostprocessing = 0;
		};
		D07C9F902B7A4201001E975E /* Resources */ = {
			isa = PBXResourcesBuildPhase;
			buildActionMask = 2147483647;
			files = (
			);
			runOnlyForDeploymentPostprocessing = 0;
		};
		D07C9F9A2B7A4201001E975E /* Resources */ = {
			isa = PBXResourcesBuildPhase;
			buildActionMask = 2147483647;
			files = (
			);
			runOnlyForDeploymentPostprocessing = 0;
		};
/* End PBXResourcesBuildPhase section */

/* Begin PBXSourcesBuildPhase section */
		D07C9F7E2B7A41FE001E975E /* Sources */ = {
			isa = PBXSourcesBuildPhase;
			buildActionMask = 2147483647;
			files = (
				D07C9F882B7A41FE001E975E /* ContentView.swift in Sources */,
				D07C9F862B7A41FE001E975E /* ArrayApp.swift in Sources */,
			);
			runOnlyForDeploymentPostprocessing = 0;
		};
		D07C9F8E2B7A4201001E975E /* Sources */ = {
			isa = PBXSourcesBuildPhase;
			buildActionMask = 2147483647;
			files = (
				D07C9F972B7A4201001E975E /* ArrayTests.swift in Sources */,
			);
			runOnlyForDeploymentPostprocessing = 0;
		};
		D07C9F982B7A4201001E975E /* Sources */ = {
			isa = PBXSourcesBuildPhase;
			buildActionMask = 2147483647;
			files = (
				D07C9FA32B7A4201001E975E /* ArrayUITestsLaunchTests.swift in Sources */,
				D07C9FA12B7A4201001E975E /* ArrayUITests.swift in Sources */,
			);
			runOnlyForDeploymentPostprocessing = 0;
		};
/* End PBXSourcesBuildPhase section */

/* Begin PBXTargetDependency section */
		D07C9F942B7A4201001E975E /* PBXTargetDependency */ = {
			isa = PBXTargetDependency;
			target = D07C9F812B7A41FE001E975E /* Array */;
			targetProxy = D07C9F932B7A4201001E975E /* PBXContainerItemProxy */;
		};
		D07C9F9E2B7A4201001E975E /* PBXTargetDependency */ = {
			isa = PBXTargetDependency;
			target = D07C9F812B7A41FE001E975E /* Array */;
			targetProxy = D07C9F9D2B7A4201001E975E /* PBXContainerItemProxy */;
		};
/* End PBXTargetDependency section */

/* Begin XCBuildConfiguration section */
		D07C9FA42B7A4201001E975E /* Debug */ = {
			isa = XCBuildConfiguration;
			buildSettings = {
				ALWAYS_SEARCH_USER_PATHS = NO;
				ASSETCATALOG_COMPILER_GENERATE_SWIFT_ASSET_SYMBOL_EXTENSIONS = YES;
				CLANG_ANALYZER_NONNULL = YES;
				CLANG_ANALYZER_NUMBER_OBJECT_CONVERSION = YES_AGGRESSIVE;
				CLANG_CXX_LANGUAGE_STANDARD = "gnu++20";
				CLANG_ENABLE_MODULES = YES;
				CLANG_ENABLE_OBJC_ARC = YES;
				CLANG_ENABLE_OBJC_WEAK = YES;
				CLANG_WARN_BLOCK_CAPTURE_AUTORELEASING = YES;
				CLANG_WARN_BOOL_CONVERSION = YES;
				CLANG_WARN_COMMA = YES;
				CLANG_WARN_CONSTANT_CONVERSION = YES;
				CLANG_WARN_DEPRECATED_OBJC_IMPLEMENTATIONS = YES;
				CLANG_WARN_DIRECT_OBJC_ISA_USAGE = YES_ERROR;
				CLANG_WARN_DOCUMENTATION_COMMENTS = YES;
				CLANG_WARN_EMPTY_BODY = YES;
				CLANG_WARN_ENUM_CONVERSION = YES;
				CLANG_WARN_INFINITE_RECURSION = YES;
				CLANG_WARN_INT_CONVERSION = YES;
				CLANG_WARN_NON_LITERAL_NULL_CONVERSION = YES;
				CLANG_WARN_OBJC_IMPLICIT_RETAIN_SELF = YES;
				CLANG_WARN_OBJC_LITERAL_CONVERSION = YES;
				CLANG_WARN_OBJC_ROOT_CLASS = YES_ERROR;
				CLANG_WARN_QUOTED_INCLUDE_IN_FRAMEWORK_HEADER = YES;
				CLANG_WARN_RANGE_LOOP_ANALYSIS = YES;
				CLANG_WARN_STRICT_PROTOTYPES = YES;
				CLANG_WARN_SUSPICIOUS_MOVE = YES;
				CLANG_WARN_UNGUARDED_AVAILABILITY = YES_AGGRESSIVE;
				CLANG_WARN_UNREACHABLE_CODE = YES;
				CLANG_WARN__DUPLICATE_METHOD_MATCH = YES;
				COPY_PHASE_STRIP = NO;
				DEBUG_INFORMATION_FORMAT = dwarf;
				ENABLE_STRICT_OBJC_MSGSEND = YES;
				ENABLE_TESTABILITY = YES;
				ENABLE_USER_SCRIPT_SANDBOXING = YES;
				GCC_C_LANGUAGE_STANDARD = gnu17;
				GCC_DYNAMIC_NO_PIC = NO;
				GCC_NO_COMMON_BLOCKS = YES;
				GCC_OPTIMIZATION_LEVEL = 0;
				GCC_PREPROCESSOR_DEFINITIONS = (
					"DEBUG=1",
					"$(inherited)",
				);
				GCC_WARN_64_TO_32_BIT_CONVERSION = YES;
				GCC_WARN_ABOUT_RETURN_TYPE = YES_ERROR;
				GCC_WARN_UNDECLARED_SELECTOR = YES;
				GCC_WARN_UNINITIALIZED_AUTOS = YES_AGGRESSIVE;
				GCC_WARN_UNUSED_FUNCTION = YES;
				GCC_WARN_UNUSED_VARIABLE = YES;
				IPHONEOS_DEPLOYMENT_TARGET = 17.2;
				LOCALIZATION_PREFERS_STRING_CATALOGS = YES;
				MTL_ENABLE_DEBUG_INFO = INCLUDE_SOURCE;
				MTL_FAST_MATH = YES;
				ONLY_ACTIVE_ARCH = YES;
				SDKROOT = iphoneos;
				SWIFT_ACTIVE_COMPILATION_CONDITIONS = "DEBUG $(inherited)";
				SWIFT_OPTIMIZATION_LEVEL = "-Onone";
			};
			name = Debug;
		};
		D07C9FA52B7A4201001E975E /* Release */ = {
			isa = XCBuildConfiguration;
			buildSettings = {
				ALWAYS_SEARCH_USER_PATHS = NO;
				ASSETCATALOG_COMPILER_GENERATE_SWIFT_ASSET_SYMBOL_EXTENSIONS = YES;
				CLANG_ANALYZER_NONNULL = YES;
				CLANG_ANALYZER_NUMBER_OBJECT_CONVERSION = YES_AGGRESSIVE;
				CLANG_CXX_LANGUAGE_STANDARD = "gnu++20";
				CLANG_ENABLE_MODULES = YES;
				CLANG_ENABLE_OBJC_ARC = YES;
				CLANG_ENABLE_OBJC_WEAK = YES;
				CLANG_WARN_BLOCK_CAPTURE_AUTORELEASING = YES;
				CLANG_WARN_BOOL_CONVERSION = YES;
				CLANG_WARN_COMMA = YES;
				CLANG_WARN_CONSTANT_CONVERSION = YES;
				CLANG_WARN_DEPRECATED_OBJC_IMPLEMENTATIONS = YES;
				CLANG_WARN_DIRECT_OBJC_ISA_USAGE = YES_ERROR;
				CLANG_WARN_DOCUMENTATION_COMMENTS = YES;
				CLANG_WARN_EMPTY_BODY = YES;
				CLANG_WARN_ENUM_CONVERSION = YES;
				CLANG_WARN_INFINITE_RECURSION = YES;
				CLANG_WARN_INT_CONVERSION = YES;
				CLANG_WARN_NON_LITERAL_NULL_CONVERSION = YES;
				CLANG_WARN_OBJC_IMPLICIT_RETAIN_SELF = YES;
				CLANG_WARN_OBJC_LITERAL_CONVERSION = YES;
				CLANG_WARN_OBJC_ROOT_CLASS = YES_ERROR;
				CLANG_WARN_QUOTED_INCLUDE_IN_FRAMEWORK_HEADER = YES;
				CLANG_WARN_RANGE_LOOP_ANALYSIS = YES;
				CLANG_WARN_STRICT_PROTOTYPES = YES;
				CLANG_WARN_SUSPICIOUS_MOVE = YES;
				CLANG_WARN_UNGUARDED_AVAILABILITY = YES_AGGRESSIVE;
				CLANG_WARN_UNREACHABLE_CODE = YES;
				CLANG_WARN__DUPLICATE_METHOD_MATCH = YES;
				COPY_PHASE_STRIP = NO;
				DEBUG_INFORMATION_FORMAT = "dwarf-with-dsym";
				ENABLE_NS_ASSERTIONS = NO;
				ENABLE_STRICT_OBJC_MSGSEND = YES;
				ENABLE_USER_SCRIPT_SANDBOXING = YES;
				GCC_C_LANGUAGE_STANDARD = gnu17;
				GCC_NO_COMMON_BLOCKS = YES;
				GCC_WARN_64_TO_32_BIT_CONVERSION = YES;
				GCC_WARN_ABOUT_RETURN_TYPE = YES_ERROR;
				GCC_WARN_UNDECLARED_SELECTOR = YES;
				GCC_WARN_UNINITIALIZED_AUTOS = YES_AGGRESSIVE;
				GCC_WARN_UNUSED_FUNCTION = YES;
				GCC_WARN_UNUSED_VARIABLE = YES;
				IPHONEOS_DEPLOYMENT_TARGET = 17.2;
				LOCALIZATION_PREFERS_STRING_CATALOGS = YES;
				MTL_ENABLE_DEBUG_INFO = NO;
				MTL_FAST_MATH = YES;
				SDKROOT = iphoneos;
				SWIFT_COMPILATION_MODE = wholemodule;
				VALIDATE_PRODUCT = YES;
			};
			name = Release;
		};
		D07C9FA72B7A4201001E975E /* Debug */ = {
			isa = XCBuildConfiguration;
			buildSettings = {
				ASSETCATALOG_COMPILER_APPICON_NAME = AppIcon;
				ASSETCATALOG_COMPILER_GLOBAL_ACCENT_COLOR_NAME = AccentColor;
				CODE_SIGN_STYLE = Automatic;
				CURRENT_PROJECT_VERSION = 1;
				DEVELOPMENT_ASSET_PATHS = "\"Array/Preview Content\"";
				ENABLE_PREVIEWS = YES;
				GENERATE_INFOPLIST_FILE = YES;
				INFOPLIST_KEY_UIApplicationSceneManifest_Generation = YES;
				INFOPLIST_KEY_UIApplicationSupportsIndirectInputEvents = YES;
				INFOPLIST_KEY_UILaunchScreen_Generation = YES;
				INFOPLIST_KEY_UISupportedInterfaceOrientations_iPad = "UIInterfaceOrientationPortrait UIInterfaceOrientationPortraitUpsideDown UIInterfaceOrientationLandscapeLeft UIInterfaceOrientationLandscapeRight";
				INFOPLIST_KEY_UISupportedInterfaceOrientations_iPhone = "UIInterfaceOrientationPortrait UIInterfaceOrientationLandscapeLeft UIInterfaceOrientationLandscapeRight";
				LD_RUNPATH_SEARCH_PATHS = (
					"$(inherited)",
					"@executable_path/Frameworks",
				);
				MARKETING_VERSION = 1.0;
				PRODUCT_BUNDLE_IDENTIFIER = "Berk-Go-zek.Array";
				PRODUCT_NAME = "$(TARGET_NAME)";
				SWIFT_EMIT_LOC_STRINGS = YES;
				SWIFT_VERSION = 5.0;
				TARGETED_DEVICE_FAMILY = "1,2";
			};
			name = Debug;
		};
		D07C9FA82B7A4201001E975E /* Release */ = {
			isa = XCBuildConfiguration;
			buildSettings = {
				ASSETCATALOG_COMPILER_APPICON_NAME = AppIcon;
				ASSETCATALOG_COMPILER_GLOBAL_ACCENT_COLOR_NAME = AccentColor;
				CODE_SIGN_STYLE = Automatic;
				CURRENT_PROJECT_VERSION = 1;
				DEVELOPMENT_ASSET_PATHS = "\"Array/Preview Content\"";
				ENABLE_PREVIEWS = YES;
				GENERATE_INFOPLIST_FILE = YES;
				INFOPLIST_KEY_UIApplicationSceneManifest_Generation = YES;
				INFOPLIST_KEY_UIApplicationSupportsIndirectInputEvents = YES;
				INFOPLIST_KEY_UILaunchScreen_Generation = YES;
				INFOPLIST_KEY_UISupportedInterfaceOrientations_iPad = "UIInterfaceOrientationPortrait UIInterfaceOrientationPortraitUpsideDown UIInterfaceOrientationLandscapeLeft UIInterfaceOrientationLandscapeRight";
				INFOPLIST_KEY_UISupportedInterfaceOrientations_iPhone = "UIInterfaceOrientationPortrait UIInterfaceOrientationLandscapeLeft UIInterfaceOrientationLandscapeRight";
				LD_RUNPATH_SEARCH_PATHS = (
					"$(inherited)",
					"@executable_path/Frameworks",
				);
				MARKETING_VERSION = 1.0;
				PRODUCT_BUNDLE_IDENTIFIER = "Berk-Go-zek.Array";
				PRODUCT_NAME = "$(TARGET_NAME)";
				SWIFT_EMIT_LOC_STRINGS = YES;
				SWIFT_VERSION = 5.0;
				TARGETED_DEVICE_FAMILY = "1,2";
			};
			name = Release;
		};
		D07C9FAA2B7A4201001E975E /* Debug */ = {
			isa = XCBuildConfiguration;
			buildSettings = {
				ALWAYS_EMBED_SWIFT_STANDARD_LIBRARIES = YES;
				BUNDLE_LOADER = "$(TEST_HOST)";
				CODE_SIGN_STYLE = Automatic;
				CURRENT_PROJECT_VERSION = 1;
				GENERATE_INFOPLIST_FILE = YES;
				IPHONEOS_DEPLOYMENT_TARGET = 17.2;
				MARKETING_VERSION = 1.0;
				PRODUCT_BUNDLE_IDENTIFIER = "Berk-Go-zek.ArrayTests";
				PRODUCT_NAME = "$(TARGET_NAME)";
				SWIFT_EMIT_LOC_STRINGS = NO;
				SWIFT_VERSION = 5.0;
				TARGETED_DEVICE_FAMILY = "1,2";
				TEST_HOST = "$(BUILT_PRODUCTS_DIR)/Array.app/$(BUNDLE_EXECUTABLE_FOLDER_PATH)/Array";
			};
			name = Debug;
		};
		D07C9FAB2B7A4201001E975E /* Release */ = {
			isa = XCBuildConfiguration;
			buildSettings = {
				ALWAYS_EMBED_SWIFT_STANDARD_LIBRARIES = YES;
				BUNDLE_LOADER = "$(TEST_HOST)";
				CODE_SIGN_STYLE = Automatic;
				CURRENT_PROJECT_VERSION = 1;
				GENERATE_INFOPLIST_FILE = YES;
				IPHONEOS_DEPLOYMENT_TARGET = 17.2;
				MARKETING_VERSION = 1.0;
				PRODUCT_BUNDLE_IDENTIFIER = "Berk-Go-zek.ArrayTests";
				PRODUCT_NAME = "$(TARGET_NAME)";
				SWIFT_EMIT_LOC_STRINGS = NO;
				SWIFT_VERSION = 5.0;
				TARGETED_DEVICE_FAMILY = "1,2";
				TEST_HOST = "$(BUILT_PRODUCTS_DIR)/Array.app/$(BUNDLE_EXECUTABLE_FOLDER_PATH)/Array";
			};
			name = Release;
		};
		D07C9FAD2B7A4201001E975E /* Debug */ = {
			isa = XCBuildConfiguration;
			buildSettings = {
				ALWAYS_EMBED_SWIFT_STANDARD_LIBRARIES = YES;
				CODE_SIGN_STYLE = Automatic;
				CURRENT_PROJECT_VERSION = 1;
				GENERATE_INFOPLIST_FILE = YES;
				MARKETING_VERSION = 1.0;
				PRODUCT_BUNDLE_IDENTIFIER = "Berk-Go-zek.ArrayUITests";
				PRODUCT_NAME = "$(TARGET_NAME)";
				SWIFT_EMIT_LOC_STRINGS = NO;
				SWIFT_VERSION = 5.0;
				TARGETED_DEVICE_FAMILY = "1,2";
				TEST_TARGET_NAME = Array;
			};
			name = Debug;
		};
		D07C9FAE2B7A4201001E975E /* Release */ = {
			isa = XCBuildConfiguration;
			buildSettings = {
				ALWAYS_EMBED_SWIFT_STANDARD_LIBRARIES = YES;
				CODE_SIGN_STYLE = Automatic;
				CURRENT_PROJECT_VERSION = 1;
				GENERATE_INFOPLIST_FILE = YES;
				MARKETING_VERSION = 1.0;
				PRODUCT_BUNDLE_IDENTIFIER = "Berk-Go-zek.ArrayUITests";
				PRODUCT_NAME = "$(TARGET_NAME)";
				SWIFT_EMIT_LOC_STRINGS = NO;
				SWIFT_VERSION = 5.0;
				TARGETED_DEVICE_FAMILY = "1,2";
				TEST_TARGET_NAME = Array;
			};
			name = Release;
		};
/* End XCBuildConfiguration section */

/* Begin XCConfigurationList section */
		D07C9F7D2B7A41FE001E975E /* Build configuration list for PBXProject "Array" */ = {
			isa = XCConfigurationList;
			buildConfigurations = (
				D07C9FA42B7A4201001E975E /* Debug */,
				D07C9FA52B7A4201001E975E /* Release */,
			);
			defaultConfigurationIsVisible = 0;
			defaultConfigurationName = Release;
		};
		D07C9FA62B7A4201001E975E /* Build configuration list for PBXNativeTarget "Array" */ = {
			isa = XCConfigurationList;
			buildConfigurations = (
				D07C9FA72B7A4201001E975E /* Debug */,
				D07C9FA82B7A4201001E975E /* Release */,
			);
			defaultConfigurationIsVisible = 0;
			defaultConfigurationName = Release;
		};
		D07C9FA92B7A4201001E975E /* Build configuration list for PBXNativeTarget "ArrayTests" */ = {
			isa = XCConfigurationList;
			buildConfigurations = (
				D07C9FAA2B7A4201001E975E /* Debug */,
				D07C9FAB2B7A4201001E975E /* Release */,
			);
			defaultConfigurationIsVisible = 0;
			defaultConfigurationName = Release;
		};
		D07C9FAC2B7A4201001E975E /* Build configuration list for PBXNativeTarget "ArrayUITests" */ = {
			isa = XCConfigurationList;
			buildConfigurations = (
				D07C9FAD2B7A4201001E975E /* Debug */,
				D07C9FAE2B7A4201001E975E /* Release */,
			);
			defaultConfigurationIsVisible = 0;
			defaultConfigurationName = Release;
		};
/* End XCConfigurationList section */
	};
	rootObject = D07C9F7A2B7A41FE001E975E /* Project object */;
}
